
Microsoft Visual Studio Solution File, Format Version 12.00
# Visual Studio 15
VisualStudioVersion = 15.0.28307.779
MinimumVisualStudioVersion = 10.0.40219.1
Project("{8BC9CEB8-8B4A-11D0-8D11-00A0C91BC942}") = "FFCC", "FFCC.vcxproj", "{E8200CAD-D630-47A1-9B2D-0CB8EE5634B7}"
EndProject
Global
	GlobalSection(SolutionConfigurationPlatforms) = preSolution
		Debug|x86 = Debug|x86
	EndGlobalSection
	GlobalSection(ProjectConfigurationPlatforms) = postSolution
		{E8200CAD-D630-47A1-9B2D-0CB8EE5634B7}.Debug|x86.ActiveCfg = Debug|Win32
		{E8200CAD-D630-47A1-9B2D-0CB8EE5634B7}.Debug|x86.Build.0 = Debug|Win32
	EndGlobalSection
	GlobalSection(SolutionProperties) = preSolution
		HideSolutionNode = FALSE
	EndGlobalSection
	GlobalSection(ExtensibilityGlobals) = postSolution
		SolutionGuid = {7837533F-810C-4840-B5AD-C95FDBA4738B}
	EndGlobalSection
EndGlobal
